{
  "name": "signimagic",
  "version": "1.0.0",
  "lockfileVersion": 3,
  "requires": true,
  "packages": {
    "": {
      "name": "signimagic",
      "version": "1.0.0",
      "workspaces": [
        "SIGNIMAGIC/Module"
      ],
      "dependencies": {
        "@mediapipe/camera_utils": "^0.3.1675466862",
        "@mediapipe/hands": "^0.4.1675469240"
      }
    },
    "node_modules/@mediapipe/camera_utils": {
      "version": "0.3.1675466862",
      "resolved": "https://registry.npmjs.org/@mediapipe/camera_utils/-/camera_utils-0.3.1675466862.tgz",
      "integrity": "sha512-siuXBoUxWo9WL0MeAxIxvxY04bvbtdNl7uCxoJxiAiRtNnCYrurr7Vl5VYQ94P7Sq0gVq6PxIDhWWeZ/pLnSzw==",
      "license": "Apache-2.0"
    },
    "node_modules/@mediapipe/hands": {
      "version": "0.4.1675469240",
      "resolved": "https://registry.npmjs.org/@mediapipe/hands/-/hands-0.4.1675469240.tgz",
      "integrity": "sha512-GxoZvL1mmhJxFxjuyj7vnC++JIuInGznHBin5c7ZSq/RbcnGyfEcJrkM/bMu5K1Mz/2Ko+vEX6/+wewmEHPrHg==",
      "license": "Apache-2.0"
    },
    "signtotext/frontend": {
      "version": "1.0.0",
      "extraneous": true,
      "dependencies": {
        "@dfinity/agent": "^1.4.0",
        "@dfinity/auth-client": "^1.4.0",
        "@dfinity/candid": "^1.4.0",
        "@dfinity/principal": "^1.4.0",
        "@mediapipe/camera_utils": "^0.3.1675466862",
        "@mediapipe/drawing_utils": "^0.3.1675466124",
        "@mediapipe/hands": "^0.4.1675469240",
        "@radix-ui/react-dialog": "^1.1.15",
        "@radix-ui/react-progress": "^1.1.8",
        "@radix-ui/react-select": "^2.2.6",
        "@radix-ui/react-slot": "^1.2.4",
        "class-variance-authority": "^0.7.0",
        "clsx": "^2.1.0",
        "lucide-react": "^0.344.0",
        "react": "^18.2.0",
        "react-dom": "^18.2.0",
        "tailwind-merge": "^2.2.1"
      },
      "devDependencies": {
        "@biomejs/biome": "^1.6.1",
        "@types/node": "^25.6.0",
        "@types/react": "^18.2.64",
        "@types/react-dom": "^18.2.21",
        "@vitejs/plugin-react": "^4.2.1",
        "autoprefixer": "^10.4.18",
        "express": "^5.2.1",
        "postcss": "^8.4.35",
        "tailwindcss": "^3.4.1",
        "typescript": "^5.2.2",
        "vite": "^5.1.6"
      }
    }
  }
}
